
Microsoft Visual Studio Solution File, Format Version 12.00
# Visual Studio 2012
Project("{8BC9CEB8-8B4A-11D0-8D11-00A0C91BC942}") = "Life, the Universe, and Everything", "Life, the Universe, and Everything\Life, the Universe, and Everything.vcxproj", "{B75BC345-2B35-4048-84ED-065B424AD46F}"
EndProject
Project("{8BC9CEB8-8B4A-11D0-8D11-00A0C91BC942}") = "Adding Reversed Numbers", "Adding Reversed Numbers\Adding Reversed Numbers.vcxproj", "{32CAD2CE-6A1B-469D-A703-CD7808318D61}"
EndProject
Project("{8BC9CEB8-8B4A-11D0-8D11-00A0C91BC942}") = "Factorial", "Factorial\Factorial.vcxproj", "{302F5FC2-5B1F-4987-9ADB-B31E08926455}"
EndProject
Project("{8BC9CEB8-8B4A-11D0-8D11-00A0C91BC942}") = "Small factorials", "Small factorials\Small factorials.vcxproj", "{B905FC3D-CD31-4874-B6A9-56A0A169949D}"
EndProject
Project("{8BC9CEB8-8B4A-11D0-8D11-00A0C91BC942}") = "Prime Generator", "Prime Generator\Prime Generator.vcxproj", "{6EF2AA0E-4BC7-49A9-A4AA-6DD751167714}"
EndProject
Project("{8BC9CEB8-8B4A-11D0-8D11-00A0C91BC942}") = "Transform the Expression", "Transform the Expression\Transform the Expression.vcxproj", "{E9419D61-9377-4B2F-8521-4D988307D1FE}"
EndProject
Project("{8BC9CEB8-8B4A-11D0-8D11-00A0C91BC942}") = "Number Steps", "Number Steps\Number Steps.vcxproj", "{E100828A-4469-4A03-A2DA-ED09C499DA41}"
EndProject
Project("{8BC9CEB8-8B4A-11D0-8D11-00A0C91BC942}") = "Feynman", "Feynman\Feynman.vcxproj", "{8F5C5B2D-9393-4D58-A83E-66CC2D3ECDDA}"
EndProject
Project("{8BC9CEB8-8B4A-11D0-8D11-00A0C91BC942}") = "To and Fro", "To and Fro\To and Fro.vcxproj", "{CD040AA6-7829-46CF-A66D-294C1A53F1EF}"
EndProject
Project("{8BC9CEB8-8B4A-11D0-8D11-00A0C91BC942}") = "Julka", "Julka\Julka.vcxproj", "{024C4696-3CF6-4CE1-A17B-BCCF51DA04BF}"
EndProject
Project("{8BC9CEB8-8B4A-11D0-8D11-00A0C91BC942}") = "Fashion Shows", "Fashion Shows\Fashion Shows.vcxproj", "{A38D8F7F-6E0A-4F38-951E-7B473310F686}"
EndProject
Global
	GlobalSection(SolutionConfigurationPlatforms) = preSolution
		Debug|Win32 = Debug|Win32
		Release|Win32 = Release|Win32
	EndGlobalSection
	GlobalSection(ProjectConfigurationPlatforms) = postSolution
		{B75BC345-2B35-4048-84ED-065B424AD46F}.Debug|Win32.ActiveCfg = Debug|Win32
		{B75BC345-2B35-4048-84ED-065B424AD46F}.Debug|Win32.Build.0 = Debug|Win32
		{B75BC345-2B35-4048-84ED-065B424AD46F}.Release|Win32.ActiveCfg = Release|Win32
		{B75BC345-2B35-4048-84ED-065B424AD46F}.Release|Win32.Build.0 = Release|Win32
		{32CAD2CE-6A1B-469D-A703-CD7808318D61}.Debug|Win32.ActiveCfg = Debug|Win32
		{32CAD2CE-6A1B-469D-A703-CD7808318D61}.Debug|Win32.Build.0 = Debug|Win32
		{32CAD2CE-6A1B-469D-A703-CD7808318D61}.Release|Win32.ActiveCfg = Release|Win32
		{32CAD2CE-6A1B-469D-A703-CD7808318D61}.Release|Win32.Build.0 = Release|Win32
		{302F5FC2-5B1F-4987-9ADB-B31E08926455}.Debug|Win32.ActiveCfg = Debug|Win32
		{302F5FC2-5B1F-4987-9ADB-B31E08926455}.Debug|Win32.Build.0 = Debug|Win32
		{302F5FC2-5B1F-4987-9ADB-B31E08926455}.Release|Win32.ActiveCfg = Release|Win32
		{302F5FC2-5B1F-4987-9ADB-B31E08926455}.Release|Win32.Build.0 = Release|Win32
		{B905FC3D-CD31-4874-B6A9-56A0A169949D}.Debug|Win32.ActiveCfg = Debug|Win32
		{B905FC3D-CD31-4874-B6A9-56A0A169949D}.Debug|Win32.Build.0 = Debug|Win32
		{B905FC3D-CD31-4874-B6A9-56A0A169949D}.Release|Win32.ActiveCfg = Release|Win32
		{B905FC3D-CD31-4874-B6A9-56A0A169949D}.Release|Win32.Build.0 = Release|Win32
		{6EF2AA0E-4BC7-49A9-A4AA-6DD751167714}.Debug|Win32.ActiveCfg = Debug|Win32
		{6EF2AA0E-4BC7-49A9-A4AA-6DD751167714}.Debug|Win32.Build.0 = Debug|Win32
		{6EF2AA0E-4BC7-49A9-A4AA-6DD751167714}.Release|Win32.ActiveCfg = Release|Win32
		{6EF2AA0E-4BC7-49A9-A4AA-6DD751167714}.Release|Win32.Build.0 = Release|Win32
		{E9419D61-9377-4B2F-8521-4D988307D1FE}.Debug|Win32.ActiveCfg = Debug|Win32
		{E9419D61-9377-4B2F-8521-4D988307D1FE}.Debug|Win32.Build.0 = Debug|Win32
		{E9419D61-9377-4B2F-8521-4D988307D1FE}.Release|Win32.ActiveCfg = Release|Win32
		{E9419D61-9377-4B2F-8521-4D988307D1FE}.Release|Win32.Build.0 = Release|Win32
		{E100828A-4469-4A03-A2DA-ED09C499DA41}.Debug|Win32.ActiveCfg = Debug|Win32
		{E100828A-4469-4A03-A2DA-ED09C499DA41}.Debug|Win32.Build.0 = Debug|Win32
		{E100828A-4469-4A03-A2DA-ED09C499DA41}.Release|Win32.ActiveCfg = Release|Win32
		{E100828A-4469-4A03-A2DA-ED09C499DA41}.Release|Win32.Build.0 = Release|Win32
		{8F5C5B2D-9393-4D58-A83E-66CC2D3ECDDA}.Debug|Win32.ActiveCfg = Debug|Win32
		{8F5C5B2D-9393-4D58-A83E-66CC2D3ECDDA}.Debug|Win32.Build.0 = Debug|Win32
		{8F5C5B2D-9393-4D58-A83E-66CC2D3ECDDA}.Release|Win32.ActiveCfg = Release|Win32
		{8F5C5B2D-9393-4D58-A83E-66CC2D3ECDDA}.Release|Win32.Build.0 = Release|Win32
		{CD040AA6-7829-46CF-A66D-294C1A53F1EF}.Debug|Win32.ActiveCfg = Debug|Win32
		{CD040AA6-7829-46CF-A66D-294C1A53F1EF}.Debug|Win32.Build.0 = Debug|Win32
		{CD040AA6-7829-46CF-A66D-294C1A53F1EF}.Release|Win32.ActiveCfg = Release|Win32
		{CD040AA6-7829-46CF-A66D-294C1A53F1EF}.Release|Win32.Build.0 = Release|Win32
		{024C4696-3CF6-4CE1-A17B-BCCF51DA04BF}.Debug|Win32.ActiveCfg = Debug|Win32
		{024C4696-3CF6-4CE1-A17B-BCCF51DA04BF}.Debug|Win32.Build.0 = Debug|Win32
		{024C4696-3CF6-4CE1-A17B-BCCF51DA04BF}.Release|Win32.ActiveCfg = Release|Win32
		{024C4696-3CF6-4CE1-A17B-BCCF51DA04BF}.Release|Win32.Build.0 = Release|Win32
		{A38D8F7F-6E0A-4F38-951E-7B473310F686}.Debug|Win32.ActiveCfg = Debug|Win32
		{A38D8F7F-6E0A-4F38-951E-7B473310F686}.Debug|Win32.Build.0 = Debug|Win32
		{A38D8F7F-6E0A-4F38-951E-7B473310F686}.Release|Win32.ActiveCfg = Release|Win32
		{A38D8F7F-6E0A-4F38-951E-7B473310F686}.Release|Win32.Build.0 = Release|Win32
	EndGlobalSection
	GlobalSection(SolutionProperties) = preSolution
		HideSolutionNode = FALSE
	EndGlobalSection
EndGlobal
