
Microsoft Visual Studio Solution File, Format Version 12.00
# Visual Studio 2012
Project("{8BC9CEB8-8B4A-11D0-8D11-00A0C91BC942}") = "Life, the Universe, and Everything", "Life, the Universe, and Everything\Life, the Universe, and Everything.vcxproj", "{B75BC345-2B35-4048-84ED-065B424AD46F}"
EndProject
Project("{8BC9CEB8-8B4A-11D0-8D11-00A0C91BC942}") = "Adding Reversed Numbers", "Adding Reversed Numbers\Adding Reversed Numbers.vcxproj", "{32CAD2CE-6A1B-469D-A703-CD7808318D61}"
EndProject
Project("{8BC9CEB8-8B4A-11D0-8D11-00A0C91BC942}") = "Factorial", "Factorial\Factorial.vcxproj", "{302F5FC2-5B1F-4987-9ADB-B31E08926455}"
EndProject
Project("{8BC9CEB8-8B4A-11D0-8D11-00A0C91BC942}") = "Small factorials", "Small factorials\Small factorials.vcxproj", "{B905FC3D-CD31-4874-B6A9-56A0A169949D}"
EndProject
Project("{8BC9CEB8-8B4A-11D0-8D11-00A0C91BC942}") = "Prime Generator", "Prime Generator\Prime Generator.vcxproj", "{6EF2AA0E-4BC7-49A9-A4AA-6DD751167714}"
EndProject
Project("{8BC9CEB8-8B4A-11D0-8D11-00A0C91BC942}") = "Transform the Expression", "Transform the Expression\Transform the Expression.vcxproj", "{E9419D61-9377-4B2F-8521-4D988307D1FE}"
EndProject
Project("{8BC9CEB8-8B4A-11D0-8D11-00A0C91BC942}") = "Number Steps", "Number Steps\Number Steps.vcxproj", "{E100828A-4469-4A03-A2DA-ED09C499DA41}"
EndProject
Project("{8BC9CEB8-8B4A-11D0-8D11-00A0C91BC942}") = "Feynman", "Feynman\Feynman.vcxproj", "{8F5C5B2D-9393-4D58-A83E-66CC2D3ECDDA}"
EndProject
Project("{8BC9CEB8-8B4A-11D0-8D11-00A0C91BC942}") = "To and Fro", "To and Fro\To and Fro.vcxproj", "{CD040AA6-7829-46CF-A66D-294C1A53F1EF}"
EndProject
Project("{8BC9CEB8-8B4A-11D0-8D11-00A0C91BC942}") = "Julka", "Julka\Julka.vcxproj", "{024C4696-3CF6-4CE1-A17B-BCCF51DA04BF}"
EndProject
Project("{8BC9CEB8-8B4A-11D0-8D11-00A0C91BC942}") = "Fashion Shows", "Fashion Shows\Fashion Shows.vcxproj", "{A38D8F7F-6E0A-4F38-951E-7B473310F686}"
EndProject
Project("{8BC9CEB8-8B4A-11D0-8D11-00A0C91BC942}") = "What’s Next", "What’s Next\What’s Next.vcxproj", "{985314FC-AF20-4E1A-8AA4-2706F1E43821}"
EndProject
Project("{8BC9CEB8-8B4A-11D0-8D11-00A0C91BC942}") = "Candy I", "Candy I\Candy I.vcxproj", "{7B76B046-D414-4616-B65E-AE6B876F5B0A}"
EndProject
Project("{8BC9CEB8-8B4A-11D0-8D11-00A0C91BC942}") = "The last digit", "The last digit\The last digit.vcxproj", "{566D627E-790A-4C59-BBD1-BA21580F3C73}"
EndProject
Project("{8BC9CEB8-8B4A-11D0-8D11-00A0C91BC942}") = "The Next Palindrome", "The Next Palindrome\The Next Palindrome.vcxproj", "{FE30FCD5-41B1-425C-903C-18B86868B210}"
EndProject
Project("{8BC9CEB8-8B4A-11D0-8D11-00A0C91BC942}") = "Rectangles", "Rectangles\Rectangles.vcxproj", "{560C9705-A140-45D9-B178-D22B3CF688E0}"
EndProject
Project("{8BC9CEB8-8B4A-11D0-8D11-00A0C91BC942}") = "Candy III", "Candy III\Candy III.vcxproj", "{ED60F753-197A-4B8F-B362-C11C3E4B9723}"
EndProject
Project("{8BC9CEB8-8B4A-11D0-8D11-00A0C91BC942}") = "Bytelandian gold coins", "Bytelandian gold coins\Bytelandian gold coins.vcxproj", "{16E48AC4-2E63-467A-8A9E-23B7FEB88FDA}"
EndProject
Project("{8BC9CEB8-8B4A-11D0-8D11-00A0C91BC942}") = "Triple Fat Ladies", "Triple Fat Ladies\Triple Fat Ladies.vcxproj", "{1323FFDB-9E4A-4325-9990-631EB5CD95CE}"
EndProject
Project("{8BC9CEB8-8B4A-11D0-8D11-00A0C91BC942}") = "Hangover", "Hangover\Hangover.vcxproj", "{3487B75C-4307-421F-94B2-A50B273D522C}"
EndProject
Project("{8BC9CEB8-8B4A-11D0-8D11-00A0C91BC942}") = "Count on Cantor", "Count on Cantor\Count on Cantor.vcxproj", "{22725C12-FD38-43B4-AB42-F8A7ABCEB585}"
EndProject
Project("{8BC9CEB8-8B4A-11D0-8D11-00A0C91BC942}") = "Anti-Blot System", "Anti-Blot System\Anti-Blot System.vcxproj", "{BD632FA6-7B60-4281-AE74-B231E2A7FC47}"
EndProject
Project("{8BC9CEB8-8B4A-11D0-8D11-00A0C91BC942}") = "Ambiguous Permutations", "Ambiguous Permutations\Ambiguous Permutations.vcxproj", "{40E05F5A-4D79-41C6-8F24-22E87E85CE9D}"
EndProject
Project("{8BC9CEB8-8B4A-11D0-8D11-00A0C91BC942}") = "Alphacode", "Alphacode\Alphacode.vcxproj", "{FE661E09-AA79-4062-A28D-C2195732E957}"
EndProject
Project("{8BC9CEB8-8B4A-11D0-8D11-00A0C91BC942}") = "Counting Triangles", "Counting Triangles\Counting Triangles.vcxproj", "{9F1C9684-4D0C-4AC6-9E77-D71FC9575600}"
EndProject
Project("{8BC9CEB8-8B4A-11D0-8D11-00A0C91BC942}") = "Stamps", "Stamps\Stamps.vcxproj", "{0D61482C-0A7B-4279-B06C-7EA7F92DB6A7}"
EndProject
Project("{8BC9CEB8-8B4A-11D0-8D11-00A0C91BC942}") = "Army Strength", "Army Strength\Army Strength.vcxproj", "{7846BB39-1A98-431D-9BF7-8AE239E75E5B}"
EndProject
Project("{8BC9CEB8-8B4A-11D0-8D11-00A0C91BC942}") = "Street Parade", "Street Parade\Street Parade.vcxproj", "{A5A693F8-FBB1-42F9-B5BA-CA9938D9A497}"
EndProject
Project("{8BC9CEB8-8B4A-11D0-8D11-00A0C91BC942}") = "Will it ever stop", "Will it ever stop\Will it ever stop.vcxproj", "{E5939662-280A-4BAE-B698-44D264718E7B}"
EndProject
Project("{8BC9CEB8-8B4A-11D0-8D11-00A0C91BC942}") = "Build a Fence", "Build a Fence\Build a Fence.vcxproj", "{EDCD384D-BA27-4CA0-99D8-0BFA69387B39}"
EndProject
Project("{8BC9CEB8-8B4A-11D0-8D11-00A0C91BC942}") = "Bishops", "Bishops\Bishops.vcxproj", "{414F8C77-6608-4A96-88FA-9803E4C59B04}"
EndProject
Global
	GlobalSection(SolutionConfigurationPlatforms) = preSolution
		Debug|Win32 = Debug|Win32
		Release|Win32 = Release|Win32
	EndGlobalSection
	GlobalSection(ProjectConfigurationPlatforms) = postSolution
		{B75BC345-2B35-4048-84ED-065B424AD46F}.Debug|Win32.ActiveCfg = Debug|Win32
		{B75BC345-2B35-4048-84ED-065B424AD46F}.Debug|Win32.Build.0 = Debug|Win32
		{B75BC345-2B35-4048-84ED-065B424AD46F}.Release|Win32.ActiveCfg = Release|Win32
		{B75BC345-2B35-4048-84ED-065B424AD46F}.Release|Win32.Build.0 = Release|Win32
		{32CAD2CE-6A1B-469D-A703-CD7808318D61}.Debug|Win32.ActiveCfg = Debug|Win32
		{32CAD2CE-6A1B-469D-A703-CD7808318D61}.Debug|Win32.Build.0 = Debug|Win32
		{32CAD2CE-6A1B-469D-A703-CD7808318D61}.Release|Win32.ActiveCfg = Release|Win32
		{32CAD2CE-6A1B-469D-A703-CD7808318D61}.Release|Win32.Build.0 = Release|Win32
		{302F5FC2-5B1F-4987-9ADB-B31E08926455}.Debug|Win32.ActiveCfg = Debug|Win32
		{302F5FC2-5B1F-4987-9ADB-B31E08926455}.Debug|Win32.Build.0 = Debug|Win32
		{302F5FC2-5B1F-4987-9ADB-B31E08926455}.Release|Win32.ActiveCfg = Release|Win32
		{302F5FC2-5B1F-4987-9ADB-B31E08926455}.Release|Win32.Build.0 = Release|Win32
		{B905FC3D-CD31-4874-B6A9-56A0A169949D}.Debug|Win32.ActiveCfg = Debug|Win32
		{B905FC3D-CD31-4874-B6A9-56A0A169949D}.Debug|Win32.Build.0 = Debug|Win32
		{B905FC3D-CD31-4874-B6A9-56A0A169949D}.Release|Win32.ActiveCfg = Release|Win32
		{B905FC3D-CD31-4874-B6A9-56A0A169949D}.Release|Win32.Build.0 = Release|Win32
		{6EF2AA0E-4BC7-49A9-A4AA-6DD751167714}.Debug|Win32.ActiveCfg = Debug|Win32
		{6EF2AA0E-4BC7-49A9-A4AA-6DD751167714}.Debug|Win32.Build.0 = Debug|Win32
		{6EF2AA0E-4BC7-49A9-A4AA-6DD751167714}.Release|Win32.ActiveCfg = Release|Win32
		{6EF2AA0E-4BC7-49A9-A4AA-6DD751167714}.Release|Win32.Build.0 = Release|Win32
		{E9419D61-9377-4B2F-8521-4D988307D1FE}.Debug|Win32.ActiveCfg = Debug|Win32
		{E9419D61-9377-4B2F-8521-4D988307D1FE}.Debug|Win32.Build.0 = Debug|Win32
		{E9419D61-9377-4B2F-8521-4D988307D1FE}.Release|Win32.ActiveCfg = Release|Win32
		{E9419D61-9377-4B2F-8521-4D988307D1FE}.Release|Win32.Build.0 = Release|Win32
		{E100828A-4469-4A03-A2DA-ED09C499DA41}.Debug|Win32.ActiveCfg = Debug|Win32
		{E100828A-4469-4A03-A2DA-ED09C499DA41}.Debug|Win32.Build.0 = Debug|Win32
		{E100828A-4469-4A03-A2DA-ED09C499DA41}.Release|Win32.ActiveCfg = Release|Win32
		{E100828A-4469-4A03-A2DA-ED09C499DA41}.Release|Win32.Build.0 = Release|Win32
		{8F5C5B2D-9393-4D58-A83E-66CC2D3ECDDA}.Debug|Win32.ActiveCfg = Debug|Win32
		{8F5C5B2D-9393-4D58-A83E-66CC2D3ECDDA}.Debug|Win32.Build.0 = Debug|Win32
		{8F5C5B2D-9393-4D58-A83E-66CC2D3ECDDA}.Release|Win32.ActiveCfg = Release|Win32
		{8F5C5B2D-9393-4D58-A83E-66CC2D3ECDDA}.Release|Win32.Build.0 = Release|Win32
		{CD040AA6-7829-46CF-A66D-294C1A53F1EF}.Debug|Win32.ActiveCfg = Debug|Win32
		{CD040AA6-7829-46CF-A66D-294C1A53F1EF}.Debug|Win32.Build.0 = Debug|Win32
		{CD040AA6-7829-46CF-A66D-294C1A53F1EF}.Release|Win32.ActiveCfg = Release|Win32
		{CD040AA6-7829-46CF-A66D-294C1A53F1EF}.Release|Win32.Build.0 = Release|Win32
		{024C4696-3CF6-4CE1-A17B-BCCF51DA04BF}.Debug|Win32.ActiveCfg = Debug|Win32
		{024C4696-3CF6-4CE1-A17B-BCCF51DA04BF}.Debug|Win32.Build.0 = Debug|Win32
		{024C4696-3CF6-4CE1-A17B-BCCF51DA04BF}.Release|Win32.ActiveCfg = Release|Win32
		{024C4696-3CF6-4CE1-A17B-BCCF51DA04BF}.Release|Win32.Build.0 = Release|Win32
		{A38D8F7F-6E0A-4F38-951E-7B473310F686}.Debug|Win32.ActiveCfg = Debug|Win32
		{A38D8F7F-6E0A-4F38-951E-7B473310F686}.Debug|Win32.Build.0 = Debug|Win32
		{A38D8F7F-6E0A-4F38-951E-7B473310F686}.Release|Win32.ActiveCfg = Release|Win32
		{A38D8F7F-6E0A-4F38-951E-7B473310F686}.Release|Win32.Build.0 = Release|Win32
		{985314FC-AF20-4E1A-8AA4-2706F1E43821}.Debug|Win32.ActiveCfg = Debug|Win32
		{985314FC-AF20-4E1A-8AA4-2706F1E43821}.Debug|Win32.Build.0 = Debug|Win32
		{985314FC-AF20-4E1A-8AA4-2706F1E43821}.Release|Win32.ActiveCfg = Release|Win32
		{985314FC-AF20-4E1A-8AA4-2706F1E43821}.Release|Win32.Build.0 = Release|Win32
		{7B76B046-D414-4616-B65E-AE6B876F5B0A}.Debug|Win32.ActiveCfg = Debug|Win32
		{7B76B046-D414-4616-B65E-AE6B876F5B0A}.Debug|Win32.Build.0 = Debug|Win32
		{7B76B046-D414-4616-B65E-AE6B876F5B0A}.Release|Win32.ActiveCfg = Release|Win32
		{7B76B046-D414-4616-B65E-AE6B876F5B0A}.Release|Win32.Build.0 = Release|Win32
		{566D627E-790A-4C59-BBD1-BA21580F3C73}.Debug|Win32.ActiveCfg = Debug|Win32
		{566D627E-790A-4C59-BBD1-BA21580F3C73}.Debug|Win32.Build.0 = Debug|Win32
		{566D627E-790A-4C59-BBD1-BA21580F3C73}.Release|Win32.ActiveCfg = Release|Win32
		{566D627E-790A-4C59-BBD1-BA21580F3C73}.Release|Win32.Build.0 = Release|Win32
		{FE30FCD5-41B1-425C-903C-18B86868B210}.Debug|Win32.ActiveCfg = Debug|Win32
		{FE30FCD5-41B1-425C-903C-18B86868B210}.Debug|Win32.Build.0 = Debug|Win32
		{FE30FCD5-41B1-425C-903C-18B86868B210}.Release|Win32.ActiveCfg = Release|Win32
		{FE30FCD5-41B1-425C-903C-18B86868B210}.Release|Win32.Build.0 = Release|Win32
		{560C9705-A140-45D9-B178-D22B3CF688E0}.Debug|Win32.ActiveCfg = Debug|Win32
		{560C9705-A140-45D9-B178-D22B3CF688E0}.Debug|Win32.Build.0 = Debug|Win32
		{560C9705-A140-45D9-B178-D22B3CF688E0}.Release|Win32.ActiveCfg = Release|Win32
		{560C9705-A140-45D9-B178-D22B3CF688E0}.Release|Win32.Build.0 = Release|Win32
		{ED60F753-197A-4B8F-B362-C11C3E4B9723}.Debug|Win32.ActiveCfg = Debug|Win32
		{ED60F753-197A-4B8F-B362-C11C3E4B9723}.Debug|Win32.Build.0 = Debug|Win32
		{ED60F753-197A-4B8F-B362-C11C3E4B9723}.Release|Win32.ActiveCfg = Release|Win32
		{ED60F753-197A-4B8F-B362-C11C3E4B9723}.Release|Win32.Build.0 = Release|Win32
		{16E48AC4-2E63-467A-8A9E-23B7FEB88FDA}.Debug|Win32.ActiveCfg = Debug|Win32
		{16E48AC4-2E63-467A-8A9E-23B7FEB88FDA}.Debug|Win32.Build.0 = Debug|Win32
		{16E48AC4-2E63-467A-8A9E-23B7FEB88FDA}.Release|Win32.ActiveCfg = Release|Win32
		{16E48AC4-2E63-467A-8A9E-23B7FEB88FDA}.Release|Win32.Build.0 = Release|Win32
		{1323FFDB-9E4A-4325-9990-631EB5CD95CE}.Debug|Win32.ActiveCfg = Debug|Win32
		{1323FFDB-9E4A-4325-9990-631EB5CD95CE}.Debug|Win32.Build.0 = Debug|Win32
		{1323FFDB-9E4A-4325-9990-631EB5CD95CE}.Release|Win32.ActiveCfg = Release|Win32
		{1323FFDB-9E4A-4325-9990-631EB5CD95CE}.Release|Win32.Build.0 = Release|Win32
		{3487B75C-4307-421F-94B2-A50B273D522C}.Debug|Win32.ActiveCfg = Debug|Win32
		{3487B75C-4307-421F-94B2-A50B273D522C}.Debug|Win32.Build.0 = Debug|Win32
		{3487B75C-4307-421F-94B2-A50B273D522C}.Release|Win32.ActiveCfg = Release|Win32
		{3487B75C-4307-421F-94B2-A50B273D522C}.Release|Win32.Build.0 = Release|Win32
		{22725C12-FD38-43B4-AB42-F8A7ABCEB585}.Debug|Win32.ActiveCfg = Debug|Win32
		{22725C12-FD38-43B4-AB42-F8A7ABCEB585}.Debug|Win32.Build.0 = Debug|Win32
		{22725C12-FD38-43B4-AB42-F8A7ABCEB585}.Release|Win32.ActiveCfg = Release|Win32
		{22725C12-FD38-43B4-AB42-F8A7ABCEB585}.Release|Win32.Build.0 = Release|Win32
		{BD632FA6-7B60-4281-AE74-B231E2A7FC47}.Debug|Win32.ActiveCfg = Debug|Win32
		{BD632FA6-7B60-4281-AE74-B231E2A7FC47}.Debug|Win32.Build.0 = Debug|Win32
		{BD632FA6-7B60-4281-AE74-B231E2A7FC47}.Release|Win32.ActiveCfg = Release|Win32
		{BD632FA6-7B60-4281-AE74-B231E2A7FC47}.Release|Win32.Build.0 = Release|Win32
		{40E05F5A-4D79-41C6-8F24-22E87E85CE9D}.Debug|Win32.ActiveCfg = Debug|Win32
		{40E05F5A-4D79-41C6-8F24-22E87E85CE9D}.Debug|Win32.Build.0 = Debug|Win32
		{40E05F5A-4D79-41C6-8F24-22E87E85CE9D}.Release|Win32.ActiveCfg = Release|Win32
		{40E05F5A-4D79-41C6-8F24-22E87E85CE9D}.Release|Win32.Build.0 = Release|Win32
		{FE661E09-AA79-4062-A28D-C2195732E957}.Debug|Win32.ActiveCfg = Debug|Win32
		{FE661E09-AA79-4062-A28D-C2195732E957}.Debug|Win32.Build.0 = Debug|Win32
		{FE661E09-AA79-4062-A28D-C2195732E957}.Release|Win32.ActiveCfg = Release|Win32
		{FE661E09-AA79-4062-A28D-C2195732E957}.Release|Win32.Build.0 = Release|Win32
		{9F1C9684-4D0C-4AC6-9E77-D71FC9575600}.Debug|Win32.ActiveCfg = Debug|Win32
		{9F1C9684-4D0C-4AC6-9E77-D71FC9575600}.Debug|Win32.Build.0 = Debug|Win32
		{9F1C9684-4D0C-4AC6-9E77-D71FC9575600}.Release|Win32.ActiveCfg = Release|Win32
		{9F1C9684-4D0C-4AC6-9E77-D71FC9575600}.Release|Win32.Build.0 = Release|Win32
		{0D61482C-0A7B-4279-B06C-7EA7F92DB6A7}.Debug|Win32.ActiveCfg = Debug|Win32
		{0D61482C-0A7B-4279-B06C-7EA7F92DB6A7}.Debug|Win32.Build.0 = Debug|Win32
		{0D61482C-0A7B-4279-B06C-7EA7F92DB6A7}.Release|Win32.ActiveCfg = Release|Win32
		{0D61482C-0A7B-4279-B06C-7EA7F92DB6A7}.Release|Win32.Build.0 = Release|Win32
		{7846BB39-1A98-431D-9BF7-8AE239E75E5B}.Debug|Win32.ActiveCfg = Debug|Win32
		{7846BB39-1A98-431D-9BF7-8AE239E75E5B}.Debug|Win32.Build.0 = Debug|Win32
		{7846BB39-1A98-431D-9BF7-8AE239E75E5B}.Release|Win32.ActiveCfg = Release|Win32
		{7846BB39-1A98-431D-9BF7-8AE239E75E5B}.Release|Win32.Build.0 = Release|Win32
		{A5A693F8-FBB1-42F9-B5BA-CA9938D9A497}.Debug|Win32.ActiveCfg = Debug|Win32
		{A5A693F8-FBB1-42F9-B5BA-CA9938D9A497}.Debug|Win32.Build.0 = Debug|Win32
		{A5A693F8-FBB1-42F9-B5BA-CA9938D9A497}.Release|Win32.ActiveCfg = Release|Win32
		{A5A693F8-FBB1-42F9-B5BA-CA9938D9A497}.Release|Win32.Build.0 = Release|Win32
		{E5939662-280A-4BAE-B698-44D264718E7B}.Debug|Win32.ActiveCfg = Debug|Win32
		{E5939662-280A-4BAE-B698-44D264718E7B}.Debug|Win32.Build.0 = Debug|Win32
		{E5939662-280A-4BAE-B698-44D264718E7B}.Release|Win32.ActiveCfg = Release|Win32
		{E5939662-280A-4BAE-B698-44D264718E7B}.Release|Win32.Build.0 = Release|Win32
		{EDCD384D-BA27-4CA0-99D8-0BFA69387B39}.Debug|Win32.ActiveCfg = Debug|Win32
		{EDCD384D-BA27-4CA0-99D8-0BFA69387B39}.Debug|Win32.Build.0 = Debug|Win32
		{EDCD384D-BA27-4CA0-99D8-0BFA69387B39}.Release|Win32.ActiveCfg = Release|Win32
		{EDCD384D-BA27-4CA0-99D8-0BFA69387B39}.Release|Win32.Build.0 = Release|Win32
		{414F8C77-6608-4A96-88FA-9803E4C59B04}.Debug|Win32.ActiveCfg = Debug|Win32
		{414F8C77-6608-4A96-88FA-9803E4C59B04}.Debug|Win32.Build.0 = Debug|Win32
		{414F8C77-6608-4A96-88FA-9803E4C59B04}.Release|Win32.ActiveCfg = Release|Win32
		{414F8C77-6608-4A96-88FA-9803E4C59B04}.Release|Win32.Build.0 = Release|Win32
	EndGlobalSection
	GlobalSection(SolutionProperties) = preSolution
		HideSolutionNode = FALSE
	EndGlobalSection
EndGlobal
